
Microsoft Visual Studio Solution File, Format Version 12.00
# Visual Studio 2012
Project("{FAE04EC0-301F-11D3-BF4B-00C04F79EFBC}") = "SupplierScheduledTask", "SupplierScheduledTask\SupplierScheduledTask.csproj", "{48AD595C-A3E9-469B-A410-79C9BB4F6162}"
EndProject
Project("{2150E333-8FDC-42A3-9474-1A3956D46DE8}") = "1.Host", "1.Host", "{9D88A42F-F7F2-4741-B664-629678E1B30C}"
EndProject
Project("{2150E333-8FDC-42A3-9474-1A3956D46DE8}") = "0.SolutionItems", "0.SolutionItems", "{0F5EF886-0B8D-49B2-A113-2D02F126C25E}"
EndProject
Project("{2150E333-8FDC-42A3-9474-1A3956D46DE8}") = "CodeAnalysisRuleset", "CodeAnalysisRuleset", "{AD405D5B-7F63-4E9B-AE1A-51E4C76FC366}"
	ProjectSection(SolutionItems) = preProject
		CodeAnalysisRuleset\TaviscaCodingPractices.ruleset = CodeAnalysisRuleset\TaviscaCodingPractices.ruleset
	EndProjectSection
EndProject
Project("{2150E333-8FDC-42A3-9474-1A3956D46DE8}") = "3.BusinessLogic", "3.BusinessLogic", "{AEB26CE1-D2E7-4CFF-A398-6C8FD25E62AD}"
EndProject
Project("{2150E333-8FDC-42A3-9474-1A3956D46DE8}") = "1.Core", "1.Core", "{0356622F-B97A-4515-A786-9705EC507B45}"
EndProject
Project("{FAE04EC0-301F-11D3-BF4B-00C04F79EFBC}") = "Tavisca.SupplierScheduledTask.BusinessLogic", "Entities\Tavisca.SupplierScheduledTask.BusinessLogic.csproj", "{0FC51935-5832-47D1-94CF-C141B83A82AE}"
EndProject
Project("{2150E333-8FDC-42A3-9474-1A3956D46DE8}") = "4.Test", "4.Test", "{03EEC664-3216-41B2-8C0C-3E3EC140D64D}"
EndProject
Project("{FAE04EC0-301F-11D3-BF4B-00C04F79EFBC}") = "ScheduledTask.Test", "ScheduledTask.Test\ScheduledTask.Test.csproj", "{EE253154-D3C3-4F29-9DF2-A343A69E17EE}"
EndProject
Project("{2150E333-8FDC-42A3-9474-1A3956D46DE8}") = "2.ResourceAccess", "2.ResourceAccess", "{CD33C337-2670-4489-82B4-2F74C0EF1CC9}"
EndProject
Project("{FAE04EC0-301F-11D3-BF4B-00C04F79EFBC}") = "Tavisca.SupplierScheduledTask.DataAccessLayer", "DataAccessLayer\Tavisca.SupplierScheduledTask.DataAccessLayer.csproj", "{359C100B-F537-45F0-A69D-66B44A929590}"
EndProject
Project("{2150E333-8FDC-42A3-9474-1A3956D46DE8}") = "2.Notifications", "2.Notifications", "{45377BBF-068E-4578-9379-CFAFDAA19611}"
EndProject
Project("{FAE04EC0-301F-11D3-BF4B-00C04F79EFBC}") = "Tavisca.SupplierScheduledTask.Notifications", "Notifications\Tavisca.SupplierScheduledTask.Notifications.csproj", "{1F5C34DF-15A2-44A7-AA59-FAB5B8A5760E}"
EndProject
Project("{FAE04EC0-301F-11D3-BF4B-00C04F79EFBC}") = "Tavisca.SupplierScheduledTask.BusinessEntities", "Tavisca.SupplierScheduledTask.BusinessEntities\Tavisca.SupplierScheduledTask.BusinessEntities.csproj", "{F065DE24-510C-4120-A1E8-1B937A59EC67}"
EndProject
Project("{2150E333-8FDC-42A3-9474-1A3956D46DE8}") = "Solution Items", "Solution Items", "{F12F752F-26F4-4E24-B28D-B4FE0FF243A7}"
EndProject
Project("{2150E333-8FDC-42A3-9474-1A3956D46DE8}") = "CommonAssemblies", "CommonAssemblies", "{80F5EDB3-2A8A-4C63-ACFB-E59FC48B8270}"
	ProjectSection(SolutionItems) = preProject
		..\..\..\CommonAssemblies\Microsoft.Practices.EnterpriseLibrary.Common.dll = ..\..\..\CommonAssemblies\Microsoft.Practices.EnterpriseLibrary.Common.dll
		..\..\..\CommonAssemblies\Microsoft.Practices.EnterpriseLibrary.Data.dll = ..\..\..\CommonAssemblies\Microsoft.Practices.EnterpriseLibrary.Data.dll
		..\..\..\CommonAssemblies\Microsoft.Practices.EnterpriseLibrary.ExceptionHandling.dll = ..\..\..\CommonAssemblies\Microsoft.Practices.EnterpriseLibrary.ExceptionHandling.dll
		..\..\..\CommonAssemblies\Microsoft.Practices.EnterpriseLibrary.ExceptionHandling.Logging.dll = ..\..\..\CommonAssemblies\Microsoft.Practices.EnterpriseLibrary.ExceptionHandling.Logging.dll
		..\..\..\CommonAssemblies\Microsoft.Practices.EnterpriseLibrary.Logging.dll = ..\..\..\CommonAssemblies\Microsoft.Practices.EnterpriseLibrary.Logging.dll
		..\..\..\CommonAssemblies\Microsoft.Practices.ServiceLocation.dll = ..\..\..\CommonAssemblies\Microsoft.Practices.ServiceLocation.dll
		..\..\..\CommonAssemblies\Microsoft.Practices.Unity.Configuration.dll = ..\..\..\CommonAssemblies\Microsoft.Practices.Unity.Configuration.dll
		..\..\..\CommonAssemblies\Microsoft.Practices.Unity.dll = ..\..\..\CommonAssemblies\Microsoft.Practices.Unity.dll
		..\..\..\CommonAssemblies\Microsoft.Practices.Unity.Interception.Configuration.dll = ..\..\..\CommonAssemblies\Microsoft.Practices.Unity.Interception.Configuration.dll
		..\..\..\CommonAssemblies\Microsoft.Practices.Unity.Interception.dll = ..\..\..\CommonAssemblies\Microsoft.Practices.Unity.Interception.dll
		..\..\..\CommonAssemblies\Microsoft.Practices.Unity.StaticFactory.dll = ..\..\..\CommonAssemblies\Microsoft.Practices.Unity.StaticFactory.dll
		..\..\..\CommonAssemblies\Tavisca.Frameworks.Logging.dll = ..\..\..\CommonAssemblies\Tavisca.Frameworks.Logging.dll
		..\..\..\CommonAssemblies\Tavisca.Frameworks.Logging.Extensions.dll = ..\..\..\CommonAssemblies\Tavisca.Frameworks.Logging.Extensions.dll
		..\..\..\CommonAssemblies\Tavisca.Singularity.Core.dll = ..\..\..\CommonAssemblies\Tavisca.Singularity.Core.dll
		..\..\..\CommonAssemblies\Tavisca.Singularity.UnityExtension.dll = ..\..\..\CommonAssemblies\Tavisca.Singularity.UnityExtension.dll
		..\..\..\CommonAssemblies\Tavisca.TravelNxt.Shared.Entities.dll = ..\..\..\CommonAssemblies\Tavisca.TravelNxt.Shared.Entities.dll
		..\..\..\CommonAssemblies\Tavisca.TravelNxt.Shared.Exceptions.dll = ..\..\..\CommonAssemblies\Tavisca.TravelNxt.Shared.Exceptions.dll
	EndProjectSection
EndProject
Global
	GlobalSection(SolutionConfigurationPlatforms) = preSolution
		Debug|Any CPU = Debug|Any CPU
		Release|Any CPU = Release|Any CPU
	EndGlobalSection
	GlobalSection(ProjectConfigurationPlatforms) = postSolution
		{48AD595C-A3E9-469B-A410-79C9BB4F6162}.Debug|Any CPU.ActiveCfg = Debug|Any CPU
		{48AD595C-A3E9-469B-A410-79C9BB4F6162}.Debug|Any CPU.Build.0 = Debug|Any CPU
		{48AD595C-A3E9-469B-A410-79C9BB4F6162}.Release|Any CPU.ActiveCfg = Release|Any CPU
		{48AD595C-A3E9-469B-A410-79C9BB4F6162}.Release|Any CPU.Build.0 = Release|Any CPU
		{0FC51935-5832-47D1-94CF-C141B83A82AE}.Debug|Any CPU.ActiveCfg = Debug|Any CPU
		{0FC51935-5832-47D1-94CF-C141B83A82AE}.Debug|Any CPU.Build.0 = Debug|Any CPU
		{0FC51935-5832-47D1-94CF-C141B83A82AE}.Release|Any CPU.ActiveCfg = Release|Any CPU
		{0FC51935-5832-47D1-94CF-C141B83A82AE}.Release|Any CPU.Build.0 = Release|Any CPU
		{EE253154-D3C3-4F29-9DF2-A343A69E17EE}.Debug|Any CPU.ActiveCfg = Debug|Any CPU
		{EE253154-D3C3-4F29-9DF2-A343A69E17EE}.Debug|Any CPU.Build.0 = Debug|Any CPU
		{EE253154-D3C3-4F29-9DF2-A343A69E17EE}.Release|Any CPU.ActiveCfg = Release|Any CPU
		{EE253154-D3C3-4F29-9DF2-A343A69E17EE}.Release|Any CPU.Build.0 = Release|Any CPU
		{359C100B-F537-45F0-A69D-66B44A929590}.Debug|Any CPU.ActiveCfg = Debug|Any CPU
		{359C100B-F537-45F0-A69D-66B44A929590}.Debug|Any CPU.Build.0 = Debug|Any CPU
		{359C100B-F537-45F0-A69D-66B44A929590}.Release|Any CPU.ActiveCfg = Release|Any CPU
		{359C100B-F537-45F0-A69D-66B44A929590}.Release|Any CPU.Build.0 = Release|Any CPU
		{1F5C34DF-15A2-44A7-AA59-FAB5B8A5760E}.Debug|Any CPU.ActiveCfg = Debug|Any CPU
		{1F5C34DF-15A2-44A7-AA59-FAB5B8A5760E}.Debug|Any CPU.Build.0 = Debug|Any CPU
		{1F5C34DF-15A2-44A7-AA59-FAB5B8A5760E}.Release|Any CPU.ActiveCfg = Release|Any CPU
		{1F5C34DF-15A2-44A7-AA59-FAB5B8A5760E}.Release|Any CPU.Build.0 = Release|Any CPU
		{F065DE24-510C-4120-A1E8-1B937A59EC67}.Debug|Any CPU.ActiveCfg = Debug|Any CPU
		{F065DE24-510C-4120-A1E8-1B937A59EC67}.Debug|Any CPU.Build.0 = Debug|Any CPU
		{F065DE24-510C-4120-A1E8-1B937A59EC67}.Release|Any CPU.ActiveCfg = Release|Any CPU
		{F065DE24-510C-4120-A1E8-1B937A59EC67}.Release|Any CPU.Build.0 = Release|Any CPU
	EndGlobalSection
	GlobalSection(SolutionProperties) = preSolution
		HideSolutionNode = FALSE
	EndGlobalSection
	GlobalSection(NestedProjects) = preSolution
		{48AD595C-A3E9-469B-A410-79C9BB4F6162} = {9D88A42F-F7F2-4741-B664-629678E1B30C}
		{AD405D5B-7F63-4E9B-AE1A-51E4C76FC366} = {0F5EF886-0B8D-49B2-A113-2D02F126C25E}
		{80F5EDB3-2A8A-4C63-ACFB-E59FC48B8270} = {0F5EF886-0B8D-49B2-A113-2D02F126C25E}
		{0356622F-B97A-4515-A786-9705EC507B45} = {AEB26CE1-D2E7-4CFF-A398-6C8FD25E62AD}
		{45377BBF-068E-4578-9379-CFAFDAA19611} = {AEB26CE1-D2E7-4CFF-A398-6C8FD25E62AD}
		{0FC51935-5832-47D1-94CF-C141B83A82AE} = {0356622F-B97A-4515-A786-9705EC507B45}
		{F065DE24-510C-4120-A1E8-1B937A59EC67} = {0356622F-B97A-4515-A786-9705EC507B45}
		{EE253154-D3C3-4F29-9DF2-A343A69E17EE} = {03EEC664-3216-41B2-8C0C-3E3EC140D64D}
		{359C100B-F537-45F0-A69D-66B44A929590} = {CD33C337-2670-4489-82B4-2F74C0EF1CC9}
		{1F5C34DF-15A2-44A7-AA59-FAB5B8A5760E} = {45377BBF-068E-4578-9379-CFAFDAA19611}
	EndGlobalSection
EndGlobal
